
Microsoft Visual Studio Solution File, Format Version 12.00
# Visual Studio Version 17
VisualStudioVersion = 17.9.34622.214
MinimumVisualStudioVersion = 10.0.40219.1
Project("{FAE04EC0-301F-11D3-BF4B-00C04F79EFBC}") = "PercobaanApi2", "PercobaanApi2\PercobaanApi2.csproj", "{A9F1B753-41D3-4862-A2D2-803599E80804}"
EndProject
Project("{2150E333-8FDC-42A3-9474-1A3956D46DE8}") = "Solution Items", "Solution Items", "{DE28ECF1-7600-44B8-AD8F-60E5ADEA1081}"
	ProjectSection(SolutionItems) = preProject
		.editorconfig = .editorconfig
	EndProjectSection
EndProject
Global
	GlobalSection(SolutionConfigurationPlatforms) = preSolution
		Debug|Any CPU = Debug|Any CPU
		Release|Any CPU = Release|Any CPU
	EndGlobalSection
	GlobalSection(ProjectConfigurationPlatforms) = postSolution
		{A9F1B753-41D3-4862-A2D2-803599E80804}.Debug|Any CPU.ActiveCfg = Debug|Any CPU
		{A9F1B753-41D3-4862-A2D2-803599E80804}.Debug|Any CPU.Build.0 = Debug|Any CPU
		{A9F1B753-41D3-4862-A2D2-803599E80804}.Release|Any CPU.ActiveCfg = Release|Any CPU
		{A9F1B753-41D3-4862-A2D2-803599E80804}.Release|Any CPU.Build.0 = Release|Any CPU
	EndGlobalSection
	GlobalSection(SolutionProperties) = preSolution
		HideSolutionNode = FALSE
	EndGlobalSection
	GlobalSection(ExtensibilityGlobals) = postSolution
		SolutionGuid = {E97812BF-E15D-48C9-AB92-47C5DD242630}
	EndGlobalSection
EndGlobal
